// !$*UTF8*$!
{
	archiveVersion = 1;
	classes = {
	};
	objectVersion = 46;
	objects = {

/* Begin PBXBuildFile section */
		70291D52148B24D00025BB60 /* UIKit.framework in Frameworks */ = {isa = PBXBuildFile; fileRef = 70291D51148B24D00025BB60 /* UIKit.framework */; };
		70291D54148B24D00025BB60 /* Foundation.framework in Frameworks */ = {isa = PBXBuildFile; fileRef = 70291D53148B24D00025BB60 /* Foundation.framework */; };
		70291D56148B24D00025BB60 /* CoreGraphics.framework in Frameworks */ = {isa = PBXBuildFile; fileRef = 70291D55148B24D00025BB60 /* CoreGraphics.framework */; };
		70291D5C148B24D00025BB60 /* InfoPlist.strings in Resources */ = {isa = PBXBuildFile; fileRef = 70291D5A148B24D00025BB60 /* InfoPlist.strings */; };
		70291D5E148B24D00025BB60 /* main.m in Sources */ = {isa = PBXBuildFile; fileRef = 70291D5D148B24D00025BB60 /* main.m */; };
		70291D6B148B24D00025BB60 /* MasterViewController_iPhone.xib in Resources */ = {isa = PBXBuildFile; fileRef = 70291D69148B24D00025BB60 /* MasterViewController_iPhone.xib */; };
		70291D6E148B24D00025BB60 /* MasterViewController_iPad.xib in Resources */ = {isa = PBXBuildFile; fileRef = 70291D6C148B24D00025BB60 /* MasterViewController_iPad.xib */; };
		70291D71148B24D00025BB60 /* DetailViewController_iPhone.xib in Resources */ = {isa = PBXBuildFile; fileRef = 70291D6F148B24D00025BB60 /* DetailViewController_iPhone.xib */; };
		70291D74148B24D00025BB60 /* DetailViewController_iPad.xib in Resources */ = {isa = PBXBuildFile; fileRef = 70291D72148B24D00025BB60 /* DetailViewController_iPad.xib */; };
		70291D7C148B24D00025BB60 /* SenTestingKit.framework in Frameworks */ = {isa = PBXBuildFile; fileRef = 70291D7B148B24D00025BB60 /* SenTestingKit.framework */; };
		70291D7D148B24D00025BB60 /* UIKit.framework in Frameworks */ = {isa = PBXBuildFile; fileRef = 70291D51148B24D00025BB60 /* UIKit.framework */; };
		70291D7E148B24D00025BB60 /* Foundation.framework in Frameworks */ = {isa = PBXBuildFile; fileRef = 70291D53148B24D00025BB60 /* Foundation.framework */; };
		70291D86148B24D00025BB60 /* InfoPlist.strings in Resources */ = {isa = PBXBuildFile; fileRef = 70291D84148B24D00025BB60 /* InfoPlist.strings */; };
		70291D89148B24D00025BB60 /* MasterPizzaTests.m in Sources */ = {isa = PBXBuildFile; fileRef = 70291D88148B24D00025BB60 /* MasterPizzaTests.m */; };
		70291D97148B28B00025BB60 /* icon.png in Resources */ = {isa = PBXBuildFile; fileRef = 70291D96148B28B00025BB60 /* icon.png */; };
		70C29B3D150C53B300B06101 /* AppDelegate.m in Sources */ = {isa = PBXBuildFile; fileRef = 70C29B32150C53B300B06101 /* AppDelegate.m */; };
		70C29B3E150C53B300B06101 /* DetailViewController.m in Sources */ = {isa = PBXBuildFile; fileRef = 70C29B34150C53B300B06101 /* DetailViewController.m */; };
		70C29B3F150C53B300B06101 /* HomeViewController.m in Sources */ = {isa = PBXBuildFile; fileRef = 70C29B36150C53B300B06101 /* HomeViewController.m */; };
		70C29B40150C53B300B06101 /* InfoViewController.m in Sources */ = {isa = PBXBuildFile; fileRef = 70C29B38150C53B300B06101 /* InfoViewController.m */; };
		70C29B41150C53B300B06101 /* MasterViewController.m in Sources */ = {isa = PBXBuildFile; fileRef = 70C29B3A150C53B300B06101 /* MasterViewController.m */; };
		70C29B42150C53B300B06101 /* MenuSection.m in Sources */ = {isa = PBXBuildFile; fileRef = 70C29B3C150C53B300B06101 /* MenuSection.m */; };
		70C29B45150C53C200B06101 /* HomeViewController.xib in Resources */ = {isa = PBXBuildFile; fileRef = 70C29B43150C53C200B06101 /* HomeViewController.xib */; };
		70C29B46150C53C200B06101 /* InfoViewController.xib in Resources */ = {isa = PBXBuildFile; fileRef = 70C29B44150C53C200B06101 /* InfoViewController.xib */; };
		70C29B4B150C541900B06101 /* home_background.png in Resources */ = {isa = PBXBuildFile; fileRef = 70C29B49150C541900B06101 /* home_background.png */; };
		70C29B4C150C541900B06101 /* home_background@2x.png in Resources */ = {isa = PBXBuildFile; fileRef = 70C29B4A150C541900B06101 /* home_background@2x.png */; };
		70DBA120150C57BC003E6DB8 /* OrderViewController.m in Sources */ = {isa = PBXBuildFile; fileRef = 70DBA11F150C57BC003E6DB8 /* OrderViewController.m */; };
		70DBA123150C5985003E6DB8 /* OrderViewController.xib in Resources */ = {isa = PBXBuildFile; fileRef = 70DBA122150C5985003E6DB8 /* OrderViewController.xib */; };
		70F0698D148C33C400EBBA22 /* menu.plist in Resources */ = {isa = PBXBuildFile; fileRef = 70F0698C148C33C400EBBA22 /* menu.plist */; };
/* End PBXBuildFile section */

/* Begin PBXContainerItemProxy section */
		70291D7F148B24D00025BB60 /* PBXContainerItemProxy */ = {
			isa = PBXContainerItemProxy;
			containerPortal = 70291D44148B24D00025BB60 /* Project object */;
			proxyType = 1;
			remoteGlobalIDString = 70291D4C148B24D00025BB60;
			remoteInfo = MasterPizza;
		};
/* End PBXContainerItemProxy section */

/* Begin PBXFileReference section */
		70291D4D148B24D00025BB60 /* MasterPizza.app */ = {isa = PBXFileReference; explicitFileType = wrapper.application; includeInIndex = 0; path = MasterPizza.app; sourceTree = BUILT_PRODUCTS_DIR; };
		70291D51148B24D00025BB60 /* UIKit.framework */ = {isa = PBXFileReference; lastKnownFileType = wrapper.framework; name = UIKit.framework; path = System/Library/Frameworks/UIKit.framework; sourceTree = SDKROOT; };
		70291D53148B24D00025BB60 /* Foundation.framework */ = {isa = PBXFileReference; lastKnownFileType = wrapper.framework; name = Foundation.framework; path = System/Library/Frameworks/Foundation.framework; sourceTree = SDKROOT; };
		70291D55148B24D00025BB60 /* CoreGraphics.framework */ = {isa = PBXFileReference; lastKnownFileType = wrapper.framework; name = CoreGraphics.framework; path = System/Library/Frameworks/CoreGraphics.framework; sourceTree = SDKROOT; };
		70291D59148B24D00025BB60 /* MasterPizza-Info.plist */ = {isa = PBXFileReference; lastKnownFileType = text.plist.xml; path = "MasterPizza-Info.plist"; sourceTree = "<group>"; };
		70291D5B148B24D00025BB60 /* en */ = {isa = PBXFileReference; lastKnownFileType = text.plist.strings; name = en; path = en.lproj/InfoPlist.strings; sourceTree = "<group>"; };
		70291D5D148B24D00025BB60 /* main.m */ = {isa = PBXFileReference; lastKnownFileType = sourcecode.c.objc; path = main.m; sourceTree = "<group>"; };
		70291D5F148B24D00025BB60 /* MasterPizza-Prefix.pch */ = {isa = PBXFileReference; lastKnownFileType = sourcecode.c.h; path = "MasterPizza-Prefix.pch"; sourceTree = "<group>"; };
		70291D6A148B24D00025BB60 /* en */ = {isa = PBXFileReference; lastKnownFileType = file.xib; name = en; path = en.lproj/MasterViewController_iPhone.xib; sourceTree = "<group>"; };
		70291D6D148B24D00025BB60 /* en */ = {isa = PBXFileReference; lastKnownFileType = file.xib; name = en; path = en.lproj/MasterViewController_iPad.xib; sourceTree = "<group>"; };
		70291D70148B24D00025BB60 /* en */ = {isa = PBXFileReference; lastKnownFileType = file.xib; name = en; path = en.lproj/DetailViewController_iPhone.xib; sourceTree = "<group>"; };
		70291D73148B24D00025BB60 /* en */ = {isa = PBXFileReference; lastKnownFileType = file.xib; name = en; path = en.lproj/DetailViewController_iPad.xib; sourceTree = "<group>"; };
		70291D7A148B24D00025BB60 /* MasterPizzaTests.octest */ = {isa = PBXFileReference; explicitFileType = wrapper.cfbundle; includeInIndex = 0; path = MasterPizzaTests.octest; sourceTree = BUILT_PRODUCTS_DIR; };
		70291D7B148B24D00025BB60 /* SenTestingKit.framework */ = {isa = PBXFileReference; lastKnownFileType = wrapper.framework; name = SenTestingKit.framework; path = Library/Frameworks/SenTestingKit.framework; sourceTree = DEVELOPER_DIR; };
		70291D83148B24D00025BB60 /* MasterPizzaTests-Info.plist */ = {isa = PBXFileReference; lastKnownFileType = text.plist.xml; path = "MasterPizzaTests-Info.plist"; sourceTree = "<group>"; };
		70291D85148B24D00025BB60 /* en */ = {isa = PBXFileReference; lastKnownFileType = text.plist.strings; name = en; path = en.lproj/InfoPlist.strings; sourceTree = "<group>"; };
		70291D87148B24D00025BB60 /* MasterPizzaTests.h */ = {isa = PBXFileReference; lastKnownFileType = sourcecode.c.h; path = MasterPizzaTests.h; sourceTree = "<group>"; };
		70291D88148B24D00025BB60 /* MasterPizzaTests.m */ = {isa = PBXFileReference; lastKnownFileType = sourcecode.c.objc; path = MasterPizzaTests.m; sourceTree = "<group>"; };
		70291D96148B28B00025BB60 /* icon.png */ = {isa = PBXFileReference; lastKnownFileType = image.png; path = icon.png; sourceTree = "<group>"; };
		70C29B31150C53B300B06101 /* AppDelegate.h */ = {isa = PBXFileReference; fileEncoding = 4; lastKnownFileType = sourcecode.c.h; name = AppDelegate.h; path = Classes/AppDelegate.h; sourceTree = "<group>"; };
		70C29B32150C53B300B06101 /* AppDelegate.m */ = {isa = PBXFileReference; fileEncoding = 4; lastKnownFileType = sourcecode.c.objc; name = AppDelegate.m; path = Classes/AppDelegate.m; sourceTree = "<group>"; };
		70C29B33150C53B300B06101 /* DetailViewController.h */ = {isa = PBXFileReference; fileEncoding = 4; lastKnownFileType = sourcecode.c.h; name = DetailViewController.h; path = Classes/DetailViewController.h; sourceTree = "<group>"; };
		70C29B34150C53B300B06101 /* DetailViewController.m */ = {isa = PBXFileReference; fileEncoding = 4; lastKnownFileType = sourcecode.c.objc; name = DetailViewController.m; path = Classes/DetailViewController.m; sourceTree = "<group>"; };
		70C29B35150C53B300B06101 /* HomeViewController.h */ = {isa = PBXFileReference; fileEncoding = 4; lastKnownFileType = sourcecode.c.h; name = HomeViewController.h; path = Classes/HomeViewController.h; sourceTree = "<group>"; };
		70C29B36150C53B300B06101 /* HomeViewController.m */ = {isa = PBXFileReference; fileEncoding = 4; lastKnownFileType = sourcecode.c.objc; name = HomeViewController.m; path = Classes/HomeViewController.m; sourceTree = "<group>"; };
		70C29B37150C53B300B06101 /* InfoViewController.h */ = {isa = PBXFileReference; fileEncoding = 4; lastKnownFileType = sourcecode.c.h; name = InfoViewController.h; path = Classes/InfoViewController.h; sourceTree = "<group>"; };
		70C29B38150C53B300B06101 /* InfoViewController.m */ = {isa = PBXFileReference; fileEncoding = 4; lastKnownFileType = sourcecode.c.objc; name = InfoViewController.m; path = Classes/InfoViewController.m; sourceTree = "<group>"; };
		70C29B39150C53B300B06101 /* MasterViewController.h */ = {isa = PBXFileReference; fileEncoding = 4; lastKnownFileType = sourcecode.c.h; name = MasterViewController.h; path = Classes/MasterViewController.h; sourceTree = "<group>"; };
		70C29B3A150C53B300B06101 /* MasterViewController.m */ = {isa = PBXFileReference; fileEncoding = 4; lastKnownFileType = sourcecode.c.objc; name = MasterViewController.m; path = Classes/MasterViewController.m; sourceTree = "<group>"; };
		70C29B3B150C53B300B06101 /* MenuSection.h */ = {isa = PBXFileReference; fileEncoding = 4; lastKnownFileType = sourcecode.c.h; name = MenuSection.h; path = Classes/MenuSection.h; sourceTree = "<group>"; };
		70C29B3C150C53B300B06101 /* MenuSection.m */ = {isa = PBXFileReference; fileEncoding = 4; lastKnownFileType = sourcecode.c.objc; name = MenuSection.m; path = Classes/MenuSection.m; sourceTree = "<group>"; };
		70C29B43150C53C200B06101 /* HomeViewController.xib */ = {isa = PBXFileReference; fileEncoding = 4; lastKnownFileType = file.xib; name = HomeViewController.xib; path = Resources/XIBs/HomeViewController.xib; sourceTree = "<group>"; };
		70C29B44150C53C200B06101 /* InfoViewController.xib */ = {isa = PBXFileReference; fileEncoding = 4; lastKnownFileType = file.xib; name = InfoViewController.xib; path = Resources/XIBs/InfoViewController.xib; sourceTree = "<group>"; };
		70C29B49150C541900B06101 /* home_background.png */ = {isa = PBXFileReference; lastKnownFileType = image.png; name = home_background.png; path = Resources/Graphics/home_background.png; sourceTree = "<group>"; };
		70C29B4A150C541900B06101 /* home_background@2x.png */ = {isa = PBXFileReference; lastKnownFileType = image.png; name = "home_background@2x.png"; path = "Resources/Graphics/home_background@2x.png"; sourceTree = "<group>"; };
		70DBA11E150C57BC003E6DB8 /* OrderViewController.h */ = {isa = PBXFileReference; fileEncoding = 4; lastKnownFileType = sourcecode.c.h; name = OrderViewController.h; path = Classes/OrderViewController.h; sourceTree = "<group>"; };
		70DBA11F150C57BC003E6DB8 /* OrderViewController.m */ = {isa = PBXFileReference; fileEncoding = 4; lastKnownFileType = sourcecode.c.objc; name = OrderViewController.m; path = Classes/OrderViewController.m; sourceTree = "<group>"; };
		70DBA122150C5985003E6DB8 /* OrderViewController.xib */ = {isa = PBXFileReference; fileEncoding = 4; lastKnownFileType = file.xib; name = OrderViewController.xib; path = Resources/XIBs/OrderViewController.xib; sourceTree = "<group>"; };
		70F0698C148C33C400EBBA22 /* menu.plist */ = {isa = PBXFileReference; fileEncoding = 4; lastKnownFileType = text.plist.xml; path = menu.plist; sourceTree = "<group>"; };
/* End PBXFileReference section */

/* Begin PBXFrameworksBuildPhase section */
		70291D4A148B24D00025BB60 /* Frameworks */ = {
			isa = PBXFrameworksBuildPhase;
			buildActionMask = 2147483647;
			files = (
				70291D52148B24D00025BB60 /* UIKit.framework in Frameworks */,
				70291D54148B24D00025BB60 /* Foundation.framework in Frameworks */,
				70291D56148B24D00025BB60 /* CoreGraphics.framework in Frameworks */,
			);
			runOnlyForDeploymentPostprocessing = 0;
		};
		70291D76148B24D00025BB60 /* Frameworks */ = {
			isa = PBXFrameworksBuildPhase;
			buildActionMask = 2147483647;
			files = (
				70291D7C148B24D00025BB60 /* SenTestingKit.framework in Frameworks */,
				70291D7D148B24D00025BB60 /* UIKit.framework in Frameworks */,
				70291D7E148B24D00025BB60 /* Foundation.framework in Frameworks */,
			);
			runOnlyForDeploymentPostprocessing = 0;
		};
/* End PBXFrameworksBuildPhase section */

/* Begin PBXGroup section */
		70291D42148B24D00025BB60 = {
			isa = PBXGroup;
			children = (
				70291D96148B28B00025BB60 /* icon.png */,
				70291D57148B24D00025BB60 /* MasterPizza */,
				70291D81148B24D00025BB60 /* MasterPizzaTests */,
				70291D50148B24D00025BB60 /* Frameworks */,
				70291D4E148B24D00025BB60 /* Products */,
			);
			sourceTree = "<group>";
		};
		70291D4E148B24D00025BB60 /* Products */ = {
			isa = PBXGroup;
			children = (
				70291D4D148B24D00025BB60 /* MasterPizza.app */,
				70291D7A148B24D00025BB60 /* MasterPizzaTests.octest */,
			);
			name = Products;
			sourceTree = "<group>";
		};
		70291D50148B24D00025BB60 /* Frameworks */ = {
			isa = PBXGroup;
			children = (
				70291D51148B24D00025BB60 /* UIKit.framework */,
				70291D53148B24D00025BB60 /* Foundation.framework */,
				70291D55148B24D00025BB60 /* CoreGraphics.framework */,
				70291D7B148B24D00025BB60 /* SenTestingKit.framework */,
			);
			name = Frameworks;
			sourceTree = "<group>";
		};
		70291D57148B24D00025BB60 /* MasterPizza */ = {
			isa = PBXGroup;
			children = (
				70291D9E148B29C40025BB60 /* Classes */,
				70C29B47150C53CC00B06101 /* Resources */,
				70291D58148B24D00025BB60 /* Supporting Files */,
			);
			path = MasterPizza;
			sourceTree = "<group>";
		};
		70291D58148B24D00025BB60 /* Supporting Files */ = {
			isa = PBXGroup;
			children = (
				70291D59148B24D00025BB60 /* MasterPizza-Info.plist */,
				70291D5A148B24D00025BB60 /* InfoPlist.strings */,
				70291D5D148B24D00025BB60 /* main.m */,
				70291D5F148B24D00025BB60 /* MasterPizza-Prefix.pch */,
				70F0698C148C33C400EBBA22 /* menu.plist */,
			);
			name = "Supporting Files";
			sourceTree = "<group>";
		};
		70291D81148B24D00025BB60 /* MasterPizzaTests */ = {
			isa = PBXGroup;
			children = (
				70291D87148B24D00025BB60 /* MasterPizzaTests.h */,
				70291D88148B24D00025BB60 /* MasterPizzaTests.m */,
				70291D82148B24D00025BB60 /* Supporting Files */,
			);
			path = MasterPizzaTests;
			sourceTree = "<group>";
		};
		70291D82148B24D00025BB60 /* Supporting Files */ = {
			isa = PBXGroup;
			children = (
				70291D83148B24D00025BB60 /* MasterPizzaTests-Info.plist */,
				70291D84148B24D00025BB60 /* InfoPlist.strings */,
			);
			name = "Supporting Files";
			sourceTree = "<group>";
		};
		70291D9E148B29C40025BB60 /* Classes */ = {
			isa = PBXGroup;
			children = (
				70C29B31150C53B300B06101 /* AppDelegate.h */,
				70C29B32150C53B300B06101 /* AppDelegate.m */,
				70C29B33150C53B300B06101 /* DetailViewController.h */,
				70C29B34150C53B300B06101 /* DetailViewController.m */,
				70C29B35150C53B300B06101 /* HomeViewController.h */,
				70C29B36150C53B300B06101 /* HomeViewController.m */,
				70C29B37150C53B300B06101 /* InfoViewController.h */,
				70C29B38150C53B300B06101 /* InfoViewController.m */,
				70C29B39150C53B300B06101 /* MasterViewController.h */,
				70C29B3A150C53B300B06101 /* MasterViewController.m */,
				70C29B3B150C53B300B06101 /* MenuSection.h */,
				70C29B3C150C53B300B06101 /* MenuSection.m */,
				70DBA11E150C57BC003E6DB8 /* OrderViewController.h */,
				70DBA11F150C57BC003E6DB8 /* OrderViewController.m */,
			);
			name = Classes;
			sourceTree = "<group>";
		};
		70291D9F148B29CC0025BB60 /* XIBs */ = {
			isa = PBXGroup;
			children = (
				70291D72148B24D00025BB60 /* DetailViewController_iPad.xib */,
				70291D6F148B24D00025BB60 /* DetailViewController_iPhone.xib */,
				70C29B43150C53C200B06101 /* HomeViewController.xib */,
				70C29B44150C53C200B06101 /* InfoViewController.xib */,
				70291D6C148B24D00025BB60 /* MasterViewController_iPad.xib */,
				70291D69148B24D00025BB60 /* MasterViewController_iPhone.xib */,
				70DBA122150C5985003E6DB8 /* OrderViewController.xib */,
			);
			name = XIBs;
			sourceTree = "<group>";
		};
		70C29B47150C53CC00B06101 /* Resources */ = {
			isa = PBXGroup;
			children = (
				70C29B48150C53E700B06101 /* Graphics */,
				70291D9F148B29CC0025BB60 /* XIBs */,
			);
			name = Resources;
			sourceTree = "<group>";
		};
		70C29B48150C53E700B06101 /* Graphics */ = {
			isa = PBXGroup;
			children = (
				70C29B49150C541900B06101 /* home_background.png */,
				70C29B4A150C541900B06101 /* home_background@2x.png */,
			);
			name = Graphics;
			sourceTree = "<group>";
		};
/* End PBXGroup section */

/* Begin PBXNativeTarget section */
		70291D4C148B24D00025BB60 /* MasterPizza */ = {
			isa = PBXNativeTarget;
			buildConfigurationList = 70291D8C148B24D00025BB60 /* Build configuration list for PBXNativeTarget "MasterPizza" */;
			buildPhases = (
				70291D49148B24D00025BB60 /* Sources */,
				70291D4A148B24D00025BB60 /* Frameworks */,
				70291D4B148B24D00025BB60 /* Resources */,
			);
			buildRules = (
			);
			dependencies = (
			);
			name = MasterPizza;
			productName = MasterPizza;
			productReference = 70291D4D148B24D00025BB60 /* MasterPizza.app */;
			productType = "com.apple.product-type.application";
		};
		70291D79148B24D00025BB60 /* MasterPizzaTests */ = {
			isa = PBXNativeTarget;
			buildConfigurationList = 70291D8F148B24D00025BB60 /* Build configuration list for PBXNativeTarget "MasterPizzaTests" */;
			buildPhases = (
				70291D75148B24D00025BB60 /* Sources */,
				70291D76148B24D00025BB60 /* Frameworks */,
				70291D77148B24D00025BB60 /* Resources */,
				70291D78148B24D00025BB60 /* ShellScript */,
			);
			buildRules = (
			);
			dependencies = (
				70291D80148B24D00025BB60 /* PBXTargetDependency */,
			);
			name = MasterPizzaTests;
			productName = MasterPizzaTests;
			productReference = 70291D7A148B24D00025BB60 /* MasterPizzaTests.octest */;
			productType = "com.apple.product-type.bundle";
		};
/* End PBXNativeTarget section */

/* Begin PBXProject section */
		70291D44148B24D00025BB60 /* Project object */ = {
			isa = PBXProject;
			attributes = {
				LastUpgradeCheck = 0420;
				ORGANIZATIONNAME = "Progressive Insurance";
			};
			buildConfigurationList = 70291D47148B24D00025BB60 /* Build configuration list for PBXProject "MasterPizza" */;
			compatibilityVersion = "Xcode 3.2";
			developmentRegion = English;
			hasScannedForEncodings = 0;
			knownRegions = (
				en,
			);
			mainGroup = 70291D42148B24D00025BB60;
			productRefGroup = 70291D4E148B24D00025BB60 /* Products */;
			projectDirPath = "";
			projectRoot = "";
			targets = (
				70291D4C148B24D00025BB60 /* MasterPizza */,
				70291D79148B24D00025BB60 /* MasterPizzaTests */,
			);
		};
/* End PBXProject section */

/* Begin PBXResourcesBuildPhase section */
		70291D4B148B24D00025BB60 /* Resources */ = {
			isa = PBXResourcesBuildPhase;
			buildActionMask = 2147483647;
			files = (
				70291D5C148B24D00025BB60 /* InfoPlist.strings in Resources */,
				70291D6B148B24D00025BB60 /* MasterViewController_iPhone.xib in Resources */,
				70291D6E148B24D00025BB60 /* MasterViewController_iPad.xib in Resources */,
				70291D71148B24D00025BB60 /* DetailViewController_iPhone.xib in Resources */,
				70291D74148B24D00025BB60 /* DetailViewController_iPad.xib in Resources */,
				70291D97148B28B00025BB60 /* icon.png in Resources */,
				70F0698D148C33C400EBBA22 /* menu.plist in Resources */,
				70C29B45150C53C200B06101 /* HomeViewController.xib in Resources */,
				70C29B46150C53C200B06101 /* InfoViewController.xib in Resources */,
				70C29B4B150C541900B06101 /* home_background.png in Resources */,
				70C29B4C150C541900B06101 /* home_background@2x.png in Resources */,
				70DBA123150C5985003E6DB8 /* OrderViewController.xib in Resources */,
			);
			runOnlyForDeploymentPostprocessing = 0;
		};
		70291D77148B24D00025BB60 /* Resources */ = {
			isa = PBXResourcesBuildPhase;
			buildActionMask = 2147483647;
			files = (
				70291D86148B24D00025BB60 /* InfoPlist.strings in Resources */,
			);
			runOnlyForDeploymentPostprocessing = 0;
		};
/* End PBXResourcesBuildPhase section */

/* Begin PBXShellScriptBuildPhase section */
		70291D78148B24D00025BB60 /* ShellScript */ = {
			isa = PBXShellScriptBuildPhase;
			buildActionMask = 2147483647;
			files = (
			);
			inputPaths = (
			);
			outputPaths = (
			);
			runOnlyForDeploymentPostprocessing = 0;
			shellPath = /bin/sh;
			shellScript = "# Run the unit tests in this test bundle.\n\"${SYSTEM_DEVELOPER_DIR}/Tools/RunUnitTests\"\n";
		};
/* End PBXShellScriptBuildPhase section */

/* Begin PBXSourcesBuildPhase section */
		70291D49148B24D00025BB60 /* Sources */ = {
			isa = PBXSourcesBuildPhase;
			buildActionMask = 2147483647;
			files = (
				70291D5E148B24D00025BB60 /* main.m in Sources */,
				70C29B3D150C53B300B06101 /* AppDelegate.m in Sources */,
				70C29B3E150C53B300B06101 /* DetailViewController.m in Sources */,
				70C29B3F150C53B300B06101 /* HomeViewController.m in Sources */,
				70C29B40150C53B300B06101 /* InfoViewController.m in Sources */,
				70C29B41150C53B300B06101 /* MasterViewController.m in Sources */,
				70C29B42150C53B300B06101 /* MenuSection.m in Sources */,
				70DBA120150C57BC003E6DB8 /* OrderViewController.m in Sources */,
			);
			runOnlyForDeploymentPostprocessing = 0;
		};
		70291D75148B24D00025BB60 /* Sources */ = {
			isa = PBXSourcesBuildPhase;
			buildActionMask = 2147483647;
			files = (
				70291D89148B24D00025BB60 /* MasterPizzaTests.m in Sources */,
			);
			runOnlyForDeploymentPostprocessing = 0;
		};
/* End PBXSourcesBuildPhase section */

/* Begin PBXTargetDependency section */
		70291D80148B24D00025BB60 /* PBXTargetDependency */ = {
			isa = PBXTargetDependency;
			target = 70291D4C148B24D00025BB60 /* MasterPizza */;
			targetProxy = 70291D7F148B24D00025BB60 /* PBXContainerItemProxy */;
		};
/* End PBXTargetDependency section */

/* Begin PBXVariantGroup section */
		70291D5A148B24D00025BB60 /* InfoPlist.strings */ = {
			isa = PBXVariantGroup;
			children = (
				70291D5B148B24D00025BB60 /* en */,
			);
			name = InfoPlist.strings;
			sourceTree = "<group>";
		};
		70291D69148B24D00025BB60 /* MasterViewController_iPhone.xib */ = {
			isa = PBXVariantGroup;
			children = (
				70291D6A148B24D00025BB60 /* en */,
			);
			name = MasterViewController_iPhone.xib;
			sourceTree = "<group>";
		};
		70291D6C148B24D00025BB60 /* MasterViewController_iPad.xib */ = {
			isa = PBXVariantGroup;
			children = (
				70291D6D148B24D00025BB60 /* en */,
			);
			name = MasterViewController_iPad.xib;
			sourceTree = "<group>";
		};
		70291D6F148B24D00025BB60 /* DetailViewController_iPhone.xib */ = {
			isa = PBXVariantGroup;
			children = (
				70291D70148B24D00025BB60 /* en */,
			);
			name = DetailViewController_iPhone.xib;
			sourceTree = "<group>";
		};
		70291D72148B24D00025BB60 /* DetailViewController_iPad.xib */ = {
			isa = PBXVariantGroup;
			children = (
				70291D73148B24D00025BB60 /* en */,
			);
			name = DetailViewController_iPad.xib;
			sourceTree = "<group>";
		};
		70291D84148B24D00025BB60 /* InfoPlist.strings */ = {
			isa = PBXVariantGroup;
			children = (
				70291D85148B24D00025BB60 /* en */,
			);
			name = InfoPlist.strings;
			sourceTree = "<group>";
		};
/* End PBXVariantGroup section */

/* Begin XCBuildConfiguration section */
		70291D8A148B24D00025BB60 /* Debug */ = {
			isa = XCBuildConfiguration;
			buildSettings = {
				ALWAYS_SEARCH_USER_PATHS = NO;
				ARCHS = "$(ARCHS_STANDARD_32_BIT)";
				CLANG_ENABLE_OBJC_ARC = YES;
				"CODE_SIGN_IDENTITY[sdk=iphoneos*]" = "iPhone Developer";
				COPY_PHASE_STRIP = NO;
				GCC_C_LANGUAGE_STANDARD = gnu99;
				GCC_DYNAMIC_NO_PIC = NO;
				GCC_OPTIMIZATION_LEVEL = 0;
				GCC_PREPROCESSOR_DEFINITIONS = (
					"DEBUG=1",
					"$(inherited)",
				);
				GCC_SYMBOLS_PRIVATE_EXTERN = NO;
				GCC_VERSION = com.apple.compilers.llvm.clang.1_0;
				GCC_WARN_ABOUT_MISSING_PROTOTYPES = YES;
				GCC_WARN_ABOUT_RETURN_TYPE = YES;
				GCC_WARN_UNUSED_VARIABLE = YES;
				IPHONEOS_DEPLOYMENT_TARGET = 5.0;
				SDKROOT = iphoneos;
				TARGETED_DEVICE_FAMILY = "1,2";
			};
			name = Debug;
		};
		70291D8B148B24D00025BB60 /* Release */ = {
			isa = XCBuildConfiguration;
			buildSettings = {
				ALWAYS_SEARCH_USER_PATHS = NO;
				ARCHS = "$(ARCHS_STANDARD_32_BIT)";
				CLANG_ENABLE_OBJC_ARC = YES;
				"CODE_SIGN_IDENTITY[sdk=iphoneos*]" = "iPhone Developer";
				COPY_PHASE_STRIP = YES;
				GCC_C_LANGUAGE_STANDARD = gnu99;
				GCC_VERSION = com.apple.compilers.llvm.clang.1_0;
				GCC_WARN_ABOUT_MISSING_PROTOTYPES = YES;
				GCC_WARN_ABOUT_RETURN_TYPE = YES;
				GCC_WARN_UNUSED_VARIABLE = YES;
				IPHONEOS_DEPLOYMENT_TARGET = 5.0;
				OTHER_CFLAGS = "-DNS_BLOCK_ASSERTIONS=1";
				SDKROOT = iphoneos;
				TARGETED_DEVICE_FAMILY = "1,2";
				VALIDATE_PRODUCT = YES;
			};
			name = Release;
		};
		70291D8D148B24D00025BB60 /* Debug */ = {
			isa = XCBuildConfiguration;
			buildSettings = {
				GCC_PRECOMPILE_PREFIX_HEADER = YES;
				GCC_PREFIX_HEADER = "MasterPizza/MasterPizza-Prefix.pch";
				INFOPLIST_FILE = "MasterPizza/MasterPizza-Info.plist";
				PRODUCT_NAME = "$(TARGET_NAME)";
				WRAPPER_EXTENSION = app;
			};
			name = Debug;
		};
		70291D8E148B24D00025BB60 /* Release */ = {
			isa = XCBuildConfiguration;
			buildSettings = {
				GCC_PRECOMPILE_PREFIX_HEADER = YES;
				GCC_PREFIX_HEADER = "MasterPizza/MasterPizza-Prefix.pch";
				INFOPLIST_FILE = "MasterPizza/MasterPizza-Info.plist";
				PRODUCT_NAME = "$(TARGET_NAME)";
				WRAPPER_EXTENSION = app;
			};
			name = Release;
		};
		70291D90148B24D00025BB60 /* Debug */ = {
			isa = XCBuildConfiguration;
			buildSettings = {
				BUNDLE_LOADER = "$(BUILT_PRODUCTS_DIR)/MasterPizza.app/MasterPizza";
				FRAMEWORK_SEARCH_PATHS = (
					"$(SDKROOT)/Developer/Library/Frameworks",
					"$(DEVELOPER_LIBRARY_DIR)/Frameworks",
				);
				GCC_PRECOMPILE_PREFIX_HEADER = YES;
				GCC_PREFIX_HEADER = "MasterPizza/MasterPizza-Prefix.pch";
				INFOPLIST_FILE = "MasterPizzaTests/MasterPizzaTests-Info.plist";
				PRODUCT_NAME = "$(TARGET_NAME)";
				TEST_HOST = "$(BUNDLE_LOADER)";
				WRAPPER_EXTENSION = octest;
			};
			name = Debug;
		};
		70291D91148B24D00025BB60 /* Release */ = {
			isa = XCBuildConfiguration;
			buildSettings = {
				BUNDLE_LOADER = "$(BUILT_PRODUCTS_DIR)/MasterPizza.app/MasterPizza";
				FRAMEWORK_SEARCH_PATHS = (
					"$(SDKROOT)/Developer/Library/Frameworks",
					"$(DEVELOPER_LIBRARY_DIR)/Frameworks",
				);
				GCC_PRECOMPILE_PREFIX_HEADER = YES;
				GCC_PREFIX_HEADER = "MasterPizza/MasterPizza-Prefix.pch";
				INFOPLIST_FILE = "MasterPizzaTests/MasterPizzaTests-Info.plist";
				PRODUCT_NAME = "$(TARGET_NAME)";
				TEST_HOST = "$(BUNDLE_LOADER)";
				WRAPPER_EXTENSION = octest;
			};
			name = Release;
		};
/* End XCBuildConfiguration section */

/* Begin XCConfigurationList section */
		70291D47148B24D00025BB60 /* Build configuration list for PBXProject "MasterPizza" */ = {
			isa = XCConfigurationList;
			buildConfigurations = (
				70291D8A148B24D00025BB60 /* Debug */,
				70291D8B148B24D00025BB60 /* Release */,
			);
			defaultConfigurationIsVisible = 0;
			defaultConfigurationName = Release;
		};
		70291D8C148B24D00025BB60 /* Build configuration list for PBXNativeTarget "MasterPizza" */ = {
			isa = XCConfigurationList;
			buildConfigurations = (
				70291D8D148B24D00025BB60 /* Debug */,
				70291D8E148B24D00025BB60 /* Release */,
			);
			defaultConfigurationIsVisible = 0;
			defaultConfigurationName = Release;
		};
		70291D8F148B24D00025BB60 /* Build configuration list for PBXNativeTarget "MasterPizzaTests" */ = {
			isa = XCConfigurationList;
			buildConfigurations = (
				70291D90148B24D00025BB60 /* Debug */,
				70291D91148B24D00025BB60 /* Release */,
			);
			defaultConfigurationIsVisible = 0;
			defaultConfigurationName = Release;
		};
/* End XCConfigurationList section */
	};
	rootObject = 70291D44148B24D00025BB60 /* Project object */;
}
